
Microsoft Visual Studio Solution File, Format Version 12.00
# Visual Studio Version 17
VisualStudioVersion = 17.13.35919.96 d17.13
MinimumVisualStudioVersion = 10.0.40219.1
Project("{FAE04EC0-301F-11D3-BF4B-00C04F79EFBC}") = "WindowPinnerApp", "WindowPinnerApp.csproj", "{A0200497-4B3F-49ED-B6A0-3232FACBDE9D}"
EndProject
Global
	GlobalSection(SolutionConfigurationPlatforms) = preSolution
		Debug|Any CPU = Debug|Any CPU
		Release|Any CPU = Release|Any CPU
	EndGlobalSection
	GlobalSection(ProjectConfigurationPlatforms) = postSolution
		{A0200497-4B3F-49ED-B6A0-3232FACBDE9D}.Debug|Any CPU.ActiveCfg = Debug|Any CPU
		{A0200497-4B3F-49ED-B6A0-3232FACBDE9D}.Debug|Any CPU.Build.0 = Debug|Any CPU
		{A0200497-4B3F-49ED-B6A0-3232FACBDE9D}.Release|Any CPU.ActiveCfg = Release|Any CPU
		{A0200497-4B3F-49ED-B6A0-3232FACBDE9D}.Release|Any CPU.Build.0 = Release|Any CPU
	EndGlobalSection
	GlobalSection(SolutionProperties) = preSolution
		HideSolutionNode = FALSE
	EndGlobalSection
	GlobalSection(ExtensibilityGlobals) = postSolution
		SolutionGuid = {C647ADCF-0FE6-4D4F-A9CC-E6C357F52B9F}
	EndGlobalSection
EndGlobal
